
Microsoft Visual Studio Solution File, Format Version 12.00
# Visual Studio Version 17
VisualStudioVersion = 17.5.33516.290
MinimumVisualStudioVersion = 10.0.40219.1
Project("{9A19103F-16F7-4668-BE54-9A1E7A4F7556}") = "EasyBuilder.NET", "EasyBuilder\EasyBuilder.NET.csproj", "{8A764796-5735-48F0-8F68-4572CFC8B13E}"
EndProject
Project("{9A19103F-16F7-4668-BE54-9A1E7A4F7556}") = "EasyBuilder.NET.Attributes", "EasyBuilder.NET.Attributes\EasyBuilder.NET.Attributes.csproj", "{99E33519-BFCA-4942-89CB-E564FEF70C1E}"
EndProject
Project("{9A19103F-16F7-4668-BE54-9A1E7A4F7556}") = "EasyBuilders.Tests", "EasyBuilder.NET.Test\EasyBuilders.Tests.csproj", "{78E68427-F370-4E4C-91DE-11E68E8C7176}"
EndProject
Global
	GlobalSection(SolutionConfigurationPlatforms) = preSolution
		Debug|Any CPU = Debug|Any CPU
		Release|Any CPU = Release|Any CPU
	EndGlobalSection
	GlobalSection(ProjectConfigurationPlatforms) = postSolution
		{8A764796-5735-48F0-8F68-4572CFC8B13E}.Debug|Any CPU.ActiveCfg = Debug|Any CPU
		{8A764796-5735-48F0-8F68-4572CFC8B13E}.Debug|Any CPU.Build.0 = Debug|Any CPU
		{8A764796-5735-48F0-8F68-4572CFC8B13E}.Release|Any CPU.ActiveCfg = Release|Any CPU
		{8A764796-5735-48F0-8F68-4572CFC8B13E}.Release|Any CPU.Build.0 = Release|Any CPU
		{99E33519-BFCA-4942-89CB-E564FEF70C1E}.Debug|Any CPU.ActiveCfg = Debug|Any CPU
		{99E33519-BFCA-4942-89CB-E564FEF70C1E}.Debug|Any CPU.Build.0 = Debug|Any CPU
		{99E33519-BFCA-4942-89CB-E564FEF70C1E}.Release|Any CPU.ActiveCfg = Release|Any CPU
		{99E33519-BFCA-4942-89CB-E564FEF70C1E}.Release|Any CPU.Build.0 = Release|Any CPU
		{78E68427-F370-4E4C-91DE-11E68E8C7176}.Debug|Any CPU.ActiveCfg = Debug|Any CPU
		{78E68427-F370-4E4C-91DE-11E68E8C7176}.Debug|Any CPU.Build.0 = Debug|Any CPU
		{78E68427-F370-4E4C-91DE-11E68E8C7176}.Release|Any CPU.ActiveCfg = Release|Any CPU
		{78E68427-F370-4E4C-91DE-11E68E8C7176}.Release|Any CPU.Build.0 = Release|Any CPU
	EndGlobalSection
	GlobalSection(SolutionProperties) = preSolution
		HideSolutionNode = FALSE
	EndGlobalSection
	GlobalSection(ExtensibilityGlobals) = postSolution
		SolutionGuid = {8126D6F8-4A1E-436F-96FF-D387FCCB72C0}
	EndGlobalSection
EndGlobal
